
Microsoft Visual Studio Solution File, Format Version 12.00
# Visual Studio Version 17
VisualStudioVersion = 17.8.34525.116
MinimumVisualStudioVersion = 10.0.40219.1
Project("{FAE04EC0-301F-11D3-BF4B-00C04F79EFBC}") = "ServerSocketProva", "ServerSocketProva\ServerSocketProva.csproj", "{82E406EC-9C1F-4750-89C0-773A908E66F1}"
EndProject
Project("{FAE04EC0-301F-11D3-BF4B-00C04F79EFBC}") = "ClientSocketProva", "ClientSocketProva\ClientSocketProva.csproj", "{5656266B-0486-4CAF-92FB-232D38A7C684}"
EndProject
Global
	GlobalSection(SolutionConfigurationPlatforms) = preSolution
		Debug|Any CPU = Debug|Any CPU
		Release|Any CPU = Release|Any CPU
	EndGlobalSection
	GlobalSection(ProjectConfigurationPlatforms) = postSolution
		{82E406EC-9C1F-4750-89C0-773A908E66F1}.Debug|Any CPU.ActiveCfg = Debug|Any CPU
		{82E406EC-9C1F-4750-89C0-773A908E66F1}.Debug|Any CPU.Build.0 = Debug|Any CPU
		{82E406EC-9C1F-4750-89C0-773A908E66F1}.Release|Any CPU.ActiveCfg = Release|Any CPU
		{82E406EC-9C1F-4750-89C0-773A908E66F1}.Release|Any CPU.Build.0 = Release|Any CPU
		{5656266B-0486-4CAF-92FB-232D38A7C684}.Debug|Any CPU.ActiveCfg = Debug|Any CPU
		{5656266B-0486-4CAF-92FB-232D38A7C684}.Debug|Any CPU.Build.0 = Debug|Any CPU
		{5656266B-0486-4CAF-92FB-232D38A7C684}.Release|Any CPU.ActiveCfg = Release|Any CPU
		{5656266B-0486-4CAF-92FB-232D38A7C684}.Release|Any CPU.Build.0 = Release|Any CPU
	EndGlobalSection
	GlobalSection(SolutionProperties) = preSolution
		HideSolutionNode = FALSE
	EndGlobalSection
	GlobalSection(ExtensibilityGlobals) = postSolution
		SolutionGuid = {7A48BFB3-96F8-4F60-BCA7-7770DE2F3A49}
	EndGlobalSection
EndGlobal
